// !$*UTF8*$!
{
	archiveVersion = 1;
	classes = {
	};
	objectVersion = 56;
	objects = {

/* Begin PBXBuildFile section */
		AA000001 /* AudiobleApp.swift in Sources */ = {isa = PBXBuildFile; fileRef = AB000001 /* AudiobleApp.swift */; };
		AA000002 /* Models.swift in Sources */ = {isa = PBXBuildFile; fileRef = AB000002 /* Models.swift */; };
		AA000003 /* Theme.swift in Sources */ = {isa = PBXBuildFile; fileRef = AB000003 /* Theme.swift */; };
		AA000004 /* ZipReader.swift in Sources */ = {isa = PBXBuildFile; fileRef = AB000004 /* ZipReader.swift */; };
		AA000005 /* ID3.swift in Sources */ = {isa = PBXBuildFile; fileRef = AB000005 /* ID3.swift */; };
		AA000006 /* Importer.swift in Sources */ = {isa = PBXBuildFile; fileRef = AB000006 /* Importer.swift */; };
		AA000007 /* LibraryStore.swift in Sources */ = {isa = PBXBuildFile; fileRef = AB000007 /* LibraryStore.swift */; };
		AA000008 /* MediaServer.swift in Sources */ = {isa = PBXBuildFile; fileRef = AB000008 /* MediaServer.swift */; };
		AA000009 /* CastManager.swift in Sources */ = {isa = PBXBuildFile; fileRef = AB000009 /* CastManager.swift */; };
		AA000010 /* PlayerEngine.swift in Sources */ = {isa = PBXBuildFile; fileRef = AB000010 /* PlayerEngine.swift */; };
		AA000011 /* Components.swift in Sources */ = {isa = PBXBuildFile; fileRef = AB000011 /* Components.swift */; };
		AA000012 /* RootView.swift in Sources */ = {isa = PBXBuildFile; fileRef = AB000012 /* RootView.swift */; };
		AA000013 /* LibraryView.swift in Sources */ = {isa = PBXBuildFile; fileRef = AB000013 /* LibraryView.swift */; };
		AA000014 /* PlayerView.swift in Sources */ = {isa = PBXBuildFile; fileRef = AB000014 /* PlayerView.swift */; };
		AA000015 /* Sheets.swift in Sources */ = {isa = PBXBuildFile; fileRef = AB000015 /* Sheets.swift */; };
		AA000100 /* Assets.xcassets in Resources */ = {isa = PBXBuildFile; fileRef = AB000100 /* Assets.xcassets */; };
		AA000200 /* GoogleCast.xcframework in Frameworks */ = {isa = PBXBuildFile; fileRef = AB000200 /* GoogleCast.xcframework */; };
		AA000201 /* GoogleCast.xcframework in Embed Frameworks */ = {isa = PBXBuildFile; fileRef = AB000200 /* GoogleCast.xcframework */; settings = {ATTRIBUTES = (CodeSignOnCopy, RemoveHeadersOnCopy, ); }; };
/* End PBXBuildFile section */

/* Begin PBXFileReference section */
		AB000001 /* AudiobleApp.swift */ = {isa = PBXFileReference; lastKnownFileType = sourcecode.swift; path = AudiobleApp.swift; sourceTree = "<group>"; };
		AB000002 /* Models.swift */ = {isa = PBXFileReference; lastKnownFileType = sourcecode.swift; path = Models.swift; sourceTree = "<group>"; };
		AB000003 /* Theme.swift */ = {isa = PBXFileReference; lastKnownFileType = sourcecode.swift; path = Theme.swift; sourceTree = "<group>"; };
		AB000004 /* ZipReader.swift */ = {isa = PBXFileReference; lastKnownFileType = sourcecode.swift; path = ZipReader.swift; sourceTree = "<group>"; };
		AB000005 /* ID3.swift */ = {isa = PBXFileReference; lastKnownFileType = sourcecode.swift; path = ID3.swift; sourceTree = "<group>"; };
		AB000006 /* Importer.swift */ = {isa = PBXFileReference; lastKnownFileType = sourcecode.swift; path = Importer.swift; sourceTree = "<group>"; };
		AB000007 /* LibraryStore.swift */ = {isa = PBXFileReference; lastKnownFileType = sourcecode.swift; path = LibraryStore.swift; sourceTree = "<group>"; };
		AB000008 /* MediaServer.swift */ = {isa = PBXFileReference; lastKnownFileType = sourcecode.swift; path = MediaServer.swift; sourceTree = "<group>"; };
		AB000009 /* CastManager.swift */ = {isa = PBXFileReference; lastKnownFileType = sourcecode.swift; path = CastManager.swift; sourceTree = "<group>"; };
		AB000010 /* PlayerEngine.swift */ = {isa = PBXFileReference; lastKnownFileType = sourcecode.swift; path = PlayerEngine.swift; sourceTree = "<group>"; };
		AB000011 /* Components.swift */ = {isa = PBXFileReference; lastKnownFileType = sourcecode.swift; path = Components.swift; sourceTree = "<group>"; };
		AB000012 /* RootView.swift */ = {isa = PBXFileReference; lastKnownFileType = sourcecode.swift; path = RootView.swift; sourceTree = "<group>"; };
		AB000013 /* LibraryView.swift */ = {isa = PBXFileReference; lastKnownFileType = sourcecode.swift; path = LibraryView.swift; sourceTree = "<group>"; };
		AB000014 /* PlayerView.swift */ = {isa = PBXFileReference; lastKnownFileType = sourcecode.swift; path = PlayerView.swift; sourceTree = "<group>"; };
		AB000015 /* Sheets.swift */ = {isa = PBXFileReference; lastKnownFileType = sourcecode.swift; path = Sheets.swift; sourceTree = "<group>"; };
		AB000099 /* Info.plist */ = {isa = PBXFileReference; lastKnownFileType = text.plist.xml; path = Info.plist; sourceTree = "<group>"; };
		AB000100 /* Assets.xcassets */ = {isa = PBXFileReference; lastKnownFileType = folder.assetcatalog; path = Assets.xcassets; sourceTree = "<group>"; };
		AB000200 /* GoogleCast.xcframework */ = {isa = PBXFileReference; lastKnownFileType = wrapper.xcframework; name = GoogleCast.xcframework; path = Vendor/GoogleCast.xcframework; sourceTree = SOURCE_ROOT; };
		AC000001 /* Audioble.app */ = {isa = PBXFileReference; explicitFileType = wrapper.application; includeInIndex = 0; path = Audioble.app; sourceTree = BUILT_PRODUCTS_DIR; };
/* End PBXFileReference section */

/* Begin PBXCopyFilesBuildPhase section */
		AJ000001 /* Embed Frameworks */ = {
			isa = PBXCopyFilesBuildPhase;
			buildActionMask = 2147483647;
			dstPath = "";
			dstSubfolderSpec = 10;
			files = (
				AA000201 /* GoogleCast.xcframework in Embed Frameworks */,
			);
			name = "Embed Frameworks";
			runOnlyForDeploymentPostprocessing = 0;
		};
/* End PBXCopyFilesBuildPhase section */

/* Begin PBXFrameworksBuildPhase section */
		AD000001 /* Frameworks */ = {
			isa = PBXFrameworksBuildPhase;
			buildActionMask = 2147483647;
			files = (
				AA000200 /* GoogleCast.xcframework in Frameworks */,
			);
			runOnlyForDeploymentPostprocessing = 0;
		};
/* End PBXFrameworksBuildPhase section */

/* Begin PBXGroup section */
		AC000002 /* Products */ = {
			isa = PBXGroup;
			children = (
				AC000001 /* Audioble.app */,
			);
			name = Products;
			sourceTree = "<group>";
		};
		AE000001 /* Audioble */ = {
			isa = PBXGroup;
			children = (
				AE000002 /* Sources */,
				AE000003 /* Resources */,
				AE000004 /* Frameworks */,
				AC000002 /* Products */,
			);
			path = Audioble;
			sourceTree = "<group>";
		};
		AE000002 /* Sources */ = {
			isa = PBXGroup;
			children = (
				AB000001 /* AudiobleApp.swift */,
				AB000002 /* Models.swift */,
				AB000003 /* Theme.swift */,
				AB000004 /* ZipReader.swift */,
				AB000005 /* ID3.swift */,
				AB000006 /* Importer.swift */,
				AB000007 /* LibraryStore.swift */,
				AB000008 /* MediaServer.swift */,
				AB000009 /* CastManager.swift */,
				AB000010 /* PlayerEngine.swift */,
				AB000011 /* Components.swift */,
				AB000012 /* RootView.swift */,
				AB000013 /* LibraryView.swift */,
				AB000014 /* PlayerView.swift */,
				AB000015 /* Sheets.swift */,
			);
			path = Sources;
			sourceTree = "<group>";
		};
		AE000003 /* Resources */ = {
			isa = PBXGroup;
			children = (
				AB000099 /* Info.plist */,
				AB000100 /* Assets.xcassets */,
			);
			path = Resources;
			sourceTree = "<group>";
		};
		AE000004 /* Frameworks */ = {
			isa = PBXGroup;
			children = (
				AB000200 /* GoogleCast.xcframework */,
			);
			name = Frameworks;
			sourceTree = "<group>";
		};
/* End PBXGroup section */

/* Begin PBXNativeTarget section */
		AF000001 /* Audioble */ = {
			isa = PBXNativeTarget;
			buildConfigurationList = BA000001 /* Build configuration list for PBXNativeTarget "Audioble" */;
			buildPhases = (
				AG000001 /* Sources */,
				AD000001 /* Frameworks */,
				AH000001 /* Resources */,
				AJ000001 /* Embed Frameworks */,
			);
			buildRules = (
			);
			dependencies = (
			);
			name = Audioble;
			productName = Audioble;
			productReference = AC000001 /* Audioble.app */;
			productType = "com.apple.product-type.application";
		};
/* End PBXNativeTarget section */

/* Begin PBXProject section */
		AI000001 /* Project object */ = {
			isa = PBXProject;
			attributes = {
				BuildIndependentTargetsInParallel = 1;
				LastSwiftUpdateCheck = 2600;
				LastUpgradeCheck = 2600;
				TargetAttributes = {
					AF000001 = {
						CreatedOnToolsVersion = 26.0;
					};
				};
			};
			buildConfigurationList = BA000002 /* Build configuration list for PBXProject "Audioble" */;
			compatibilityVersion = "Xcode 14.0";
			developmentRegion = de;
			hasScannedForEncodings = 0;
			knownRegions = (
				de,
				en,
				Base,
			);
			mainGroup = AE000001 /* Audioble */;
			productRefGroup = AC000002 /* Products */;
			projectDirPath = "";
			projectRoot = "";
			targets = (
				AF000001 /* Audioble */,
			);
		};
/* End PBXProject section */

/* Begin PBXResourcesBuildPhase section */
		AH000001 /* Resources */ = {
			isa = PBXResourcesBuildPhase;
			buildActionMask = 2147483647;
			files = (
				AA000100 /* Assets.xcassets in Resources */,
			);
			runOnlyForDeploymentPostprocessing = 0;
		};
/* End PBXResourcesBuildPhase section */

/* Begin PBXSourcesBuildPhase section */
		AG000001 /* Sources */ = {
			isa = PBXSourcesBuildPhase;
			buildActionMask = 2147483647;
			files = (
				AA000001 /* AudiobleApp.swift in Sources */,
				AA000002 /* Models.swift in Sources */,
				AA000003 /* Theme.swift in Sources */,
				AA000004 /* ZipReader.swift in Sources */,
				AA000005 /* ID3.swift in Sources */,
				AA000006 /* Importer.swift in Sources */,
				AA000007 /* LibraryStore.swift in Sources */,
				AA000008 /* MediaServer.swift in Sources */,
				AA000009 /* CastManager.swift in Sources */,
				AA000010 /* PlayerEngine.swift in Sources */,
				AA000011 /* Components.swift in Sources */,
				AA000012 /* RootView.swift in Sources */,
				AA000013 /* LibraryView.swift in Sources */,
				AA000014 /* PlayerView.swift in Sources */,
				AA000015 /* Sheets.swift in Sources */,
			);
			runOnlyForDeploymentPostprocessing = 0;
		};
/* End PBXSourcesBuildPhase section */

/* Begin XCBuildConfiguration section */
		BB000001 /* Debug */ = {
			isa = XCBuildConfiguration;
			buildSettings = {
				ALWAYS_SEARCH_USER_PATHS = NO;
				CLANG_ANALYZER_NONNULL = YES;
				CLANG_ENABLE_MODULES = YES;
				CLANG_ENABLE_OBJC_ARC = YES;
				CLANG_WARN_BOOL_CONVERSION = YES;
				CLANG_WARN_CONSTANT_CONVERSION = YES;
				CLANG_WARN_EMPTY_BODY = YES;
				CLANG_WARN_ENUM_CONVERSION = YES;
				CLANG_WARN_INFINITE_RECURSION = YES;
				CLANG_WARN_INT_CONVERSION = YES;
				CLANG_WARN_UNREACHABLE_CODE = YES;
				COPY_PHASE_STRIP = NO;
				ENABLE_STRICT_OBJC_MSGSEND = YES;
				ENABLE_USER_SCRIPT_SANDBOXING = YES;
				GCC_NO_COMMON_BLOCKS = YES;
				GCC_WARN_ABOUT_RETURN_TYPE = YES_ERROR;
				GCC_WARN_UNDECLARED_SELECTOR = YES;
				GCC_WARN_UNINITIALIZED_AUTOS = YES_AGGRESSIVE;
				GCC_WARN_UNUSED_FUNCTION = YES;
				GCC_WARN_UNUSED_VARIABLE = YES;
				IPHONEOS_DEPLOYMENT_TARGET = 26.0;
				SDKROOT = iphoneos;
				SWIFT_STRICT_CONCURRENCY = minimal;
				DEBUG_INFORMATION_FORMAT = dwarf;
				ENABLE_TESTABILITY = YES;
				GCC_OPTIMIZATION_LEVEL = 0;
				GCC_PREPROCESSOR_DEFINITIONS = (
					"DEBUG=1",
					"$(inherited)",
				);
				MTL_ENABLE_DEBUG_INFO = INCLUDE_SOURCE;
				ONLY_ACTIVE_ARCH = YES;
				SWIFT_ACTIVE_COMPILATION_CONDITIONS = "DEBUG $(inherited)";
				SWIFT_OPTIMIZATION_LEVEL = "-Onone";
			};
			name = Debug;
		};
		BB000002 /* Release */ = {
			isa = XCBuildConfiguration;
			buildSettings = {
				ALWAYS_SEARCH_USER_PATHS = NO;
				CLANG_ANALYZER_NONNULL = YES;
				CLANG_ENABLE_MODULES = YES;
				CLANG_ENABLE_OBJC_ARC = YES;
				CLANG_WARN_BOOL_CONVERSION = YES;
				CLANG_WARN_CONSTANT_CONVERSION = YES;
				CLANG_WARN_EMPTY_BODY = YES;
				CLANG_WARN_ENUM_CONVERSION = YES;
				CLANG_WARN_INFINITE_RECURSION = YES;
				CLANG_WARN_INT_CONVERSION = YES;
				CLANG_WARN_UNREACHABLE_CODE = YES;
				COPY_PHASE_STRIP = NO;
				ENABLE_STRICT_OBJC_MSGSEND = YES;
				ENABLE_USER_SCRIPT_SANDBOXING = YES;
				GCC_NO_COMMON_BLOCKS = YES;
				GCC_WARN_ABOUT_RETURN_TYPE = YES_ERROR;
				GCC_WARN_UNDECLARED_SELECTOR = YES;
				GCC_WARN_UNINITIALIZED_AUTOS = YES_AGGRESSIVE;
				GCC_WARN_UNUSED_FUNCTION = YES;
				GCC_WARN_UNUSED_VARIABLE = YES;
				IPHONEOS_DEPLOYMENT_TARGET = 26.0;
				SDKROOT = iphoneos;
				SWIFT_STRICT_CONCURRENCY = minimal;
				DEBUG_INFORMATION_FORMAT = dwarf;
				ENABLE_NS_ASSERTIONS = NO;
				MTL_FAST_MATH = YES;
				SWIFT_COMPILATION_MODE = wholemodule;
				VALIDATE_PRODUCT = NO;
			};
			name = Release;
		};
		BC000001 /* Debug */ = {
			isa = XCBuildConfiguration;
			buildSettings = {
				ASSETCATALOG_COMPILER_APPICON_NAME = AppIcon;
				ASSETCATALOG_COMPILER_GLOBAL_ACCENT_COLOR_NAME = AccentColor;
				CODE_SIGN_STYLE = Manual;
				CURRENT_PROJECT_VERSION = 1;
				DEVELOPMENT_TEAM = "";
				ENABLE_PREVIEWS = YES;
				FRAMEWORK_SEARCH_PATHS = (
					"$(inherited)",
					"$(PROJECT_DIR)/Vendor",
				);
				GENERATE_INFOPLIST_FILE = NO;
				INFOPLIST_FILE = Audioble/Resources/Info.plist;
				IPHONEOS_DEPLOYMENT_TARGET = 26.0;
				LD_RUNPATH_SEARCH_PATHS = (
					"$(inherited)",
					"@executable_path/Frameworks",
				);
				MARKETING_VERSION = 1.0;
				OTHER_LDFLAGS = (
					"$(inherited)",
					"-ObjC",
				);
				PRODUCT_BUNDLE_IDENTIFIER = de.toemeler.Audioble;
				PRODUCT_NAME = "$(TARGET_NAME)";
				SWIFT_EMIT_LOC_STRINGS = YES;
				SWIFT_VERSION = 5.0;
				TARGETED_DEVICE_FAMILY = "1,2";
			};
			name = Debug;
		};
		BC000002 /* Release */ = {
			isa = XCBuildConfiguration;
			buildSettings = {
				ASSETCATALOG_COMPILER_APPICON_NAME = AppIcon;
				ASSETCATALOG_COMPILER_GLOBAL_ACCENT_COLOR_NAME = AccentColor;
				CODE_SIGN_STYLE = Manual;
				CURRENT_PROJECT_VERSION = 1;
				DEVELOPMENT_TEAM = "";
				ENABLE_PREVIEWS = YES;
				FRAMEWORK_SEARCH_PATHS = (
					"$(inherited)",
					"$(PROJECT_DIR)/Vendor",
				);
				GENERATE_INFOPLIST_FILE = NO;
				INFOPLIST_FILE = Audioble/Resources/Info.plist;
				IPHONEOS_DEPLOYMENT_TARGET = 26.0;
				LD_RUNPATH_SEARCH_PATHS = (
					"$(inherited)",
					"@executable_path/Frameworks",
				);
				MARKETING_VERSION = 1.0;
				OTHER_LDFLAGS = (
					"$(inherited)",
					"-ObjC",
				);
				PRODUCT_BUNDLE_IDENTIFIER = de.toemeler.Audioble;
				PRODUCT_NAME = "$(TARGET_NAME)";
				SWIFT_EMIT_LOC_STRINGS = YES;
				SWIFT_VERSION = 5.0;
				TARGETED_DEVICE_FAMILY = "1,2";
			};
			name = Release;
		};
/* End XCBuildConfiguration section */

/* Begin XCConfigurationList section */
		BA000001 /* Build configuration list for PBXNativeTarget "Audioble" */ = {
			isa = XCConfigurationList;
			buildConfigurations = (
				BC000001 /* Debug */,
				BC000002 /* Release */,
			);
			defaultConfigurationIsVisible = 0;
			defaultConfigurationName = Release;
		};
		BA000002 /* Build configuration list for PBXProject "Audioble" */ = {
			isa = XCConfigurationList;
			buildConfigurations = (
				BB000001 /* Debug */,
				BB000002 /* Release */,
			);
			defaultConfigurationIsVisible = 0;
			defaultConfigurationName = Release;
		};
/* End XCConfigurationList section */
	};
	rootObject = AI000001 /* Project object */;
}
